<?xml version="1.0" encoding="utf-8"?>
<Project ToolsVersion="4.0" xmlns="http://schemas.microsoft.com/developer/msbuild/2003">
  <ItemGroup>
    <Filter Include="Header Files">
      <UniqueIdentifier>{93995380-89BD-4b04-88EB-625FBE52EBFB}</UniqueIdentifier>
      <Extensions>h;hh;hpp;hxx;hm;inl;inc;xsd</Extensions>
    </Filter>
    <Filter Include="Resource Files">
      <UniqueIdentifier>{67DA6AB6-F800-4c08-8B7A-83BB121AAD01}</UniqueIdentifier>
      <Extensions>rc;ico;cur;bmp;dlg;rc2;rct;bin;rgs;gif;jpg;jpeg;jpe;resx;tiff;tif;png;wav;mfcribbon-ms</Extensions>
    </Filter>
    <Filter Include="Source Files">
      <UniqueIdentifier>{4FC737F1-C7A5-4376-A066-2A32D752A2FF}</UniqueIdentifier>
      <Extensions>cpp;c;cc;cxx;def;odl;idl;hpj;bat;asm;asmx</Extensions>
    </Filter>
  </ItemGroup>
  <ItemGroup>
    <Text Include="ReadMe.txt" />
  </ItemGroup>
  <ItemGroup>
    <ClInclude Include="stdafx.h">
      <Filter>Header Files</Filter>
    </ClInclude>
    <ClInclude Include="targetver.h">
      <Filter>Header Files</Filter>
    </ClInclude>
    <ClInclude Include="cam.h">
      <Filter>Header Files</Filter>
    </ClInclude>
    <ClInclude Include="health.h">
      <Filter>Header Files</Filter>
    </ClInclude>
    <ClInclude Include="control.h">
      <Filter>Header Files</Filter>
    </ClInclude>
    <ClInclude Include="GoToTarget.h">
      <Filter>Header Files</Filter>
    </ClInclude>
    <ClInclude Include="..\TinyXML\tinystr.h">
      <Filter>Resource Files</Filter>
    </ClInclude>
    <ClInclude Include="..\TinyXML\tinyxml.h">
      <Filter>Resource Files</Filter>
    </ClInclude>
    <ClInclude Include="GamesStruct.h">
      <Filter>Header Files</Filter>
    </ClInclude>
    <ClInclude Include="randomValue.h">
      <Filter>Header Files</Filter>
    </ClInclude>
    <ClInclude Include="gameEvent.h">
      <Filter>Header Files</Filter>
    </ClInclude>
    <ClInclude Include="level.h">
      <Filter>Resource Files</Filter>
    </ClInclude>
    <ClInclude Include="action.h">
      <Filter>Header Files</Filter>
    </ClInclude>
    <ClInclude Include="GameMath.h">
      <Filter>Header Files</Filter>
    </ClInclude>
    <ClInclude Include="classPlayer.h">
      <Filter>Header Files</Filter>
    </ClInclude>
    <ClInclude Include="classGlobal.h">
      <Filter>Header Files</Filter>
    </ClInclude>
    <ClInclude Include="Classes.h">
      <Filter>Header Files</Filter>
    </ClInclude>
    <ClInclude Include="classEnemy.h">
      <Filter>Header Files</Filter>
    </ClInclude>
    <ClInclude Include="classBullet.h">
      <Filter>Header Files</Filter>
    </ClInclude>
    <ClInclude Include="classBonus.h">
      <Filter>Header Files</Filter>
    </ClInclude>
    <ClInclude Include="classTree.h">
      <Filter>Header Files</Filter>
    </ClInclude>
    <ClInclude Include="classCollisionChecker.h">
      <Filter>Header Files</Filter>
    </ClInclude>
  </ItemGroup>
  <ItemGroup>
    <ClCompile Include="stdafx.cpp">
      <Filter>Source Files</Filter>
    </ClCompile>
    <ClCompile Include="Field964.cpp">
      <Filter>Source Files</Filter>
    </ClCompile>
    <ClCompile Include="health.cpp">
      <Filter>Source Files</Filter>
    </ClCompile>
    <ClCompile Include="control.cpp">
      <Filter>Source Files</Filter>
    </ClCompile>
    <ClCompile Include="GoToTarget.cpp">
      <Filter>Source Files</Filter>
    </ClCompile>
    <ClCompile Include="..\TinyXML\tinystr.cpp">
      <Filter>Resource Files</Filter>
    </ClCompile>
    <ClCompile Include="..\TinyXML\tinyxml.cpp">
      <Filter>Resource Files</Filter>
    </ClCompile>
    <ClCompile Include="..\TinyXML\tinyxmlerror.cpp">
      <Filter>Resource Files</Filter>
    </ClCompile>
    <ClCompile Include="..\TinyXML\tinyxmlparser.cpp">
      <Filter>Resource Files</Filter>
    </ClCompile>
    <ClCompile Include="randomValue.cpp">
      <Filter>Source Files</Filter>
    </ClCompile>
    <ClCompile Include="gameEvent.cpp">
      <Filter>Source Files</Filter>
    </ClCompile>
    <ClCompile Include="Level.cpp">
      <Filter>Resource Files</Filter>
    </ClCompile>
    <ClCompile Include="action.cpp">
      <Filter>Source Files</Filter>
    </ClCompile>
    <ClCompile Include="GameMath.cpp">
      <Filter>Source Files</Filter>
    </ClCompile>
    <ClCompile Include="classPlayer.cpp">
      <Filter>Source Files</Filter>
    </ClCompile>
    <ClCompile Include="classEnemy.cpp">
      <Filter>Source Files</Filter>
    </ClCompile>
    <ClCompile Include="classBullet.cpp">
      <Filter>Source Files</Filter>
    </ClCompile>
    <ClCompile Include="classBonus.cpp">
      <Filter>Source Files</Filter>
    </ClCompile>
    <ClCompile Include="classTree.cpp">
      <Filter>Source Files</Filter>
    </ClCompile>
    <ClCompile Include="classCollisionChecker.cpp">
      <Filter>Source Files</Filter>
    </ClCompile>
  </ItemGroup>
</Project>